// !$*UTF8*$!
{
	archiveVersion = 1;
	classes = {
	};
	objectVersion = 56;
	objects = {

/* Begin PBXBuildFile section */
		38814DC42AB9292E008D3884 /* AppDelegate.swift in Sources */ = {isa = PBXBuildFile; fileRef = 38814DC32AB9292E008D3884 /* AppDelegate.swift */; };
		38814DC62AB9292E008D3884 /* SceneDelegate.swift in Sources */ = {isa = PBXBuildFile; fileRef = 38814DC52AB9292E008D3884 /* SceneDelegate.swift */; };
		38814DC82AB9292E008D3884 /* ViewController.swift in Sources */ = {isa = PBXBuildFile; fileRef = 38814DC72AB9292E008D3884 /* ViewController.swift */; };
		38814DCB2AB9292E008D3884 /* Main.storyboard in Resources */ = {isa = PBXBuildFile; fileRef = 38814DC92AB9292E008D3884 /* Main.storyboard */; };
		38814DCD2AB9292F008D3884 /* Assets.xcassets in Resources */ = {isa = PBXBuildFile; fileRef = 38814DCC2AB9292F008D3884 /* Assets.xcassets */; };
		38814DD02AB9292F008D3884 /* LaunchScreen.storyboard in Resources */ = {isa = PBXBuildFile; fileRef = 38814DCE2AB9292F008D3884 /* LaunchScreen.storyboard */; };
		38814DDC2AB92975008D3884 /* SnapKit in Frameworks */ = {isa = PBXBuildFile; productRef = 38814DDB2AB92975008D3884 /* SnapKit */; };
		38814DDF2AB92980008D3884 /* Alamofire in Frameworks */ = {isa = PBXBuildFile; productRef = 38814DDE2AB92980008D3884 /* Alamofire */; };
		38814DE22AB929B1008D3884 /* Kingfisher in Frameworks */ = {isa = PBXBuildFile; productRef = 38814DE12AB929B1008D3884 /* Kingfisher */; };
		38814DE62AB929EF008D3884 /* .gitignore in Resources */ = {isa = PBXBuildFile; fileRef = 38814DE52AB929EF008D3884 /* .gitignore */; };
		38814DED2AB93844008D3884 /* PhotoModel.swift in Sources */ = {isa = PBXBuildFile; fileRef = 38814DEC2AB93844008D3884 /* PhotoModel.swift */; };
		38814DEF2AB93D0D008D3884 /* NetworkBasic.swift in Sources */ = {isa = PBXBuildFile; fileRef = 38814DEE2AB93D0D008D3884 /* NetworkBasic.swift */; };
		38814DF12AB94981008D3884 /* NetworkError.swift in Sources */ = {isa = PBXBuildFile; fileRef = 38814DF02AB94981008D3884 /* NetworkError.swift */; };
		38814DF52AB9746F008D3884 /* Network.swift in Sources */ = {isa = PBXBuildFile; fileRef = 38814DF42AB9746F008D3884 /* Network.swift */; };
		38814DF82AB978AC008D3884 /* Router.swift in Sources */ = {isa = PBXBuildFile; fileRef = 38814DF72AB978AC008D3884 /* Router.swift */; };
		38814DFA2AB97A13008D3884 /* UnsplashAPI.swift in Sources */ = {isa = PBXBuildFile; fileRef = 38814DF92AB97A13008D3884 /* UnsplashAPI.swift */; };
		38814DFE2AB97C04008D3884 /* APIKey.swift in Sources */ = {isa = PBXBuildFile; fileRef = 38814DFD2AB97C04008D3884 /* APIKey.swift */; };
/* End PBXBuildFile section */

/* Begin PBXFileReference section */
		38814DC02AB9292E008D3884 /* SeSAC3Week10.app */ = {isa = PBXFileReference; explicitFileType = wrapper.application; includeInIndex = 0; path = SeSAC3Week10.app; sourceTree = BUILT_PRODUCTS_DIR; };
		38814DC32AB9292E008D3884 /* AppDelegate.swift */ = {isa = PBXFileReference; lastKnownFileType = sourcecode.swift; path = AppDelegate.swift; sourceTree = "<group>"; };
		38814DC52AB9292E008D3884 /* SceneDelegate.swift */ = {isa = PBXFileReference; lastKnownFileType = sourcecode.swift; path = SceneDelegate.swift; sourceTree = "<group>"; };
		38814DC72AB9292E008D3884 /* ViewController.swift */ = {isa = PBXFileReference; lastKnownFileType = sourcecode.swift; path = ViewController.swift; sourceTree = "<group>"; };
		38814DCA2AB9292E008D3884 /* Base */ = {isa = PBXFileReference; lastKnownFileType = file.storyboard; name = Base; path = Base.lproj/Main.storyboard; sourceTree = "<group>"; };
		38814DCC2AB9292F008D3884 /* Assets.xcassets */ = {isa = PBXFileReference; lastKnownFileType = folder.assetcatalog; path = Assets.xcassets; sourceTree = "<group>"; };
		38814DCF2AB9292F008D3884 /* Base */ = {isa = PBXFileReference; lastKnownFileType = file.storyboard; name = Base; path = Base.lproj/LaunchScreen.storyboard; sourceTree = "<group>"; };
		38814DD12AB9292F008D3884 /* Info.plist */ = {isa = PBXFileReference; lastKnownFileType = text.plist.xml; path = Info.plist; sourceTree = "<group>"; };
		38814DE52AB929EF008D3884 /* .gitignore */ = {isa = PBXFileReference; lastKnownFileType = text; path = .gitignore; sourceTree = "<group>"; };
		38814DEC2AB93844008D3884 /* PhotoModel.swift */ = {isa = PBXFileReference; lastKnownFileType = sourcecode.swift; path = PhotoModel.swift; sourceTree = "<group>"; };
		38814DEE2AB93D0D008D3884 /* NetworkBasic.swift */ = {isa = PBXFileReference; lastKnownFileType = sourcecode.swift; path = NetworkBasic.swift; sourceTree = "<group>"; };
		38814DF02AB94981008D3884 /* NetworkError.swift */ = {isa = PBXFileReference; lastKnownFileType = sourcecode.swift; path = NetworkError.swift; sourceTree = "<group>"; };
		38814DF42AB9746F008D3884 /* Network.swift */ = {isa = PBXFileReference; lastKnownFileType = sourcecode.swift; path = Network.swift; sourceTree = "<group>"; };
		38814DF72AB978AC008D3884 /* Router.swift */ = {isa = PBXFileReference; lastKnownFileType = sourcecode.swift; path = Router.swift; sourceTree = "<group>"; };
		38814DF92AB97A13008D3884 /* UnsplashAPI.swift */ = {isa = PBXFileReference; lastKnownFileType = sourcecode.swift; path = UnsplashAPI.swift; sourceTree = "<group>"; };
		38814DFD2AB97C04008D3884 /* APIKey.swift */ = {isa = PBXFileReference; lastKnownFileType = sourcecode.swift; path = APIKey.swift; sourceTree = "<group>"; };
/* End PBXFileReference section */

/* Begin PBXFrameworksBuildPhase section */
		38814DBD2AB9292E008D3884 /* Frameworks */ = {
			isa = PBXFrameworksBuildPhase;
			buildActionMask = 2147483647;
			files = (
				38814DE22AB929B1008D3884 /* Kingfisher in Frameworks */,
				38814DDC2AB92975008D3884 /* SnapKit in Frameworks */,
				38814DDF2AB92980008D3884 /* Alamofire in Frameworks */,
			);
			runOnlyForDeploymentPostprocessing = 0;
		};
/* End PBXFrameworksBuildPhase section */

/* Begin PBXGroup section */
		38814DB72AB9292E008D3884 = {
			isa = PBXGroup;
			children = (
				38814DC22AB9292E008D3884 /* SeSAC3Week10 */,
				38814DC12AB9292E008D3884 /* Products */,
			);
			sourceTree = "<group>";
		};
		38814DC12AB9292E008D3884 /* Products */ = {
			isa = PBXGroup;
			children = (
				38814DC02AB9292E008D3884 /* SeSAC3Week10.app */,
			);
			name = Products;
			sourceTree = "<group>";
		};
		38814DC22AB9292E008D3884 /* SeSAC3Week10 */ = {
			isa = PBXGroup;
			children = (
				38814DE52AB929EF008D3884 /* .gitignore */,
				38814DD72AB9293E008D3884 /* Application */,
				38814DCC2AB9292F008D3884 /* Assets.xcassets */,
				38814DD12AB9292F008D3884 /* Info.plist */,
				38814DE92AB92E1F008D3884 /* Model */,
				38814DE32AB929B5008D3884 /* Network */,
				38814DD92AB92959008D3884 /* Storyboard */,
				38814DE42AB929BC008D3884 /* Utility */,
				38814DD82AB92949008D3884 /* View */,
			);
			path = SeSAC3Week10;
			sourceTree = "<group>";
		};
		38814DD72AB9293E008D3884 /* Application */ = {
			isa = PBXGroup;
			children = (
				38814DC32AB9292E008D3884 /* AppDelegate.swift */,
				38814DC52AB9292E008D3884 /* SceneDelegate.swift */,
			);
			path = Application;
			sourceTree = "<group>";
		};
		38814DD82AB92949008D3884 /* View */ = {
			isa = PBXGroup;
			children = (
				38814DC72AB9292E008D3884 /* ViewController.swift */,
			);
			path = View;
			sourceTree = "<group>";
		};
		38814DD92AB92959008D3884 /* Storyboard */ = {
			isa = PBXGroup;
			children = (
				38814DC92AB9292E008D3884 /* Main.storyboard */,
				38814DCE2AB9292F008D3884 /* LaunchScreen.storyboard */,
			);
			path = Storyboard;
			sourceTree = "<group>";
		};
		38814DE32AB929B5008D3884 /* Network */ = {
			isa = PBXGroup;
			children = (
				38814DF42AB9746F008D3884 /* Network.swift */,
				38814DEE2AB93D0D008D3884 /* NetworkBasic.swift */,
				38814DF02AB94981008D3884 /* NetworkError.swift */,
				38814DF72AB978AC008D3884 /* Router.swift */,
				38814DF92AB97A13008D3884 /* UnsplashAPI.swift */,
				38814DFD2AB97C04008D3884 /* APIKey.swift */,
			);
			path = Network;
			sourceTree = "<group>";
		};
		38814DE42AB929BC008D3884 /* Utility */ = {
			isa = PBXGroup;
			children = (
			);
			path = Utility;
			sourceTree = "<group>";
		};
		38814DE92AB92E1F008D3884 /* Model */ = {
			isa = PBXGroup;
			children = (
				38814DEC2AB93844008D3884 /* PhotoModel.swift */,
			);
			path = Model;
			sourceTree = "<group>";
		};
/* End PBXGroup section */

/* Begin PBXNativeTarget section */
		38814DBF2AB9292E008D3884 /* SeSAC3Week10 */ = {
			isa = PBXNativeTarget;
			buildConfigurationList = 38814DD42AB9292F008D3884 /* Build configuration list for PBXNativeTarget "SeSAC3Week10" */;
			buildPhases = (
				38814DBC2AB9292E008D3884 /* Sources */,
				38814DBD2AB9292E008D3884 /* Frameworks */,
				38814DBE2AB9292E008D3884 /* Resources */,
			);
			buildRules = (
			);
			dependencies = (
			);
			name = SeSAC3Week10;
			packageProductDependencies = (
				38814DDB2AB92975008D3884 /* SnapKit */,
				38814DDE2AB92980008D3884 /* Alamofire */,
				38814DE12AB929B1008D3884 /* Kingfisher */,
			);
			productName = SeSAC3Week10;
			productReference = 38814DC02AB9292E008D3884 /* SeSAC3Week10.app */;
			productType = "com.apple.product-type.application";
		};
/* End PBXNativeTarget section */

/* Begin PBXProject section */
		38814DB82AB9292E008D3884 /* Project object */ = {
			isa = PBXProject;
			attributes = {
				BuildIndependentTargetsInParallel = 1;
				LastSwiftUpdateCheck = 1430;
				LastUpgradeCheck = 1430;
				TargetAttributes = {
					38814DBF2AB9292E008D3884 = {
						CreatedOnToolsVersion = 14.3.1;
					};
				};
			};
			buildConfigurationList = 38814DBB2AB9292E008D3884 /* Build configuration list for PBXProject "SeSAC3Week10" */;
			compatibilityVersion = "Xcode 14.0";
			developmentRegion = en;
			hasScannedForEncodings = 0;
			knownRegions = (
				en,
				Base,
			);
			mainGroup = 38814DB72AB9292E008D3884;
			packageReferences = (
				38814DDA2AB92975008D3884 /* XCRemoteSwiftPackageReference "SnapKit" */,
				38814DDD2AB92980008D3884 /* XCRemoteSwiftPackageReference "Alamofire" */,
				38814DE02AB929B1008D3884 /* XCRemoteSwiftPackageReference "Kingfisher" */,
			);
			productRefGroup = 38814DC12AB9292E008D3884 /* Products */;
			projectDirPath = "";
			projectRoot = "";
			targets = (
				38814DBF2AB9292E008D3884 /* SeSAC3Week10 */,
			);
		};
/* End PBXProject section */

/* Begin PBXResourcesBuildPhase section */
		38814DBE2AB9292E008D3884 /* Resources */ = {
			isa = PBXResourcesBuildPhase;
			buildActionMask = 2147483647;
			files = (
				38814DE62AB929EF008D3884 /* .gitignore in Resources */,
				38814DD02AB9292F008D3884 /* LaunchScreen.storyboard in Resources */,
				38814DCD2AB9292F008D3884 /* Assets.xcassets in Resources */,
				38814DCB2AB9292E008D3884 /* Main.storyboard in Resources */,
			);
			runOnlyForDeploymentPostprocessing = 0;
		};
/* End PBXResourcesBuildPhase section */

/* Begin PBXSourcesBuildPhase section */
		38814DBC2AB9292E008D3884 /* Sources */ = {
			isa = PBXSourcesBuildPhase;
			buildActionMask = 2147483647;
			files = (
				38814DC82AB9292E008D3884 /* ViewController.swift in Sources */,
				38814DFA2AB97A13008D3884 /* UnsplashAPI.swift in Sources */,
				38814DF12AB94981008D3884 /* NetworkError.swift in Sources */,
				38814DF52AB9746F008D3884 /* Network.swift in Sources */,
				38814DFE2AB97C04008D3884 /* APIKey.swift in Sources */,
				38814DEF2AB93D0D008D3884 /* NetworkBasic.swift in Sources */,
				38814DF82AB978AC008D3884 /* Router.swift in Sources */,
				38814DC42AB9292E008D3884 /* AppDelegate.swift in Sources */,
				38814DED2AB93844008D3884 /* PhotoModel.swift in Sources */,
				38814DC62AB9292E008D3884 /* SceneDelegate.swift in Sources */,
			);
			runOnlyForDeploymentPostprocessing = 0;
		};
/* End PBXSourcesBuildPhase section */

/* Begin PBXVariantGroup section */
		38814DC92AB9292E008D3884 /* Main.storyboard */ = {
			isa = PBXVariantGroup;
			children = (
				38814DCA2AB9292E008D3884 /* Base */,
			);
			name = Main.storyboard;
			sourceTree = "<group>";
		};
		38814DCE2AB9292F008D3884 /* LaunchScreen.storyboard */ = {
			isa = PBXVariantGroup;
			children = (
				38814DCF2AB9292F008D3884 /* Base */,
			);
			name = LaunchScreen.storyboard;
			sourceTree = "<group>";
		};
/* End PBXVariantGroup section */

/* Begin XCBuildConfiguration section */
		38814DD22AB9292F008D3884 /* Debug */ = {
			isa = XCBuildConfiguration;
			buildSettings = {
				ALWAYS_SEARCH_USER_PATHS = NO;
				CLANG_ANALYZER_NONNULL = YES;
				CLANG_ANALYZER_NUMBER_OBJECT_CONVERSION = YES_AGGRESSIVE;
				CLANG_CXX_LANGUAGE_STANDARD = "gnu++20";
				CLANG_ENABLE_MODULES = YES;
				CLANG_ENABLE_OBJC_ARC = YES;
				CLANG_ENABLE_OBJC_WEAK = YES;
				CLANG_WARN_BLOCK_CAPTURE_AUTORELEASING = YES;
				CLANG_WARN_BOOL_CONVERSION = YES;
				CLANG_WARN_COMMA = YES;
				CLANG_WARN_CONSTANT_CONVERSION = YES;
				CLANG_WARN_DEPRECATED_OBJC_IMPLEMENTATIONS = YES;
				CLANG_WARN_DIRECT_OBJC_ISA_USAGE = YES_ERROR;
				CLANG_WARN_DOCUMENTATION_COMMENTS = YES;
				CLANG_WARN_EMPTY_BODY = YES;
				CLANG_WARN_ENUM_CONVERSION = YES;
				CLANG_WARN_INFINITE_RECURSION = YES;
				CLANG_WARN_INT_CONVERSION = YES;
				CLANG_WARN_NON_LITERAL_NULL_CONVERSION = YES;
				CLANG_WARN_OBJC_IMPLICIT_RETAIN_SELF = YES;
				CLANG_WARN_OBJC_LITERAL_CONVERSION = YES;
				CLANG_WARN_OBJC_ROOT_CLASS = YES_ERROR;
				CLANG_WARN_QUOTED_INCLUDE_IN_FRAMEWORK_HEADER = YES;
				CLANG_WARN_RANGE_LOOP_ANALYSIS = YES;
				CLANG_WARN_STRICT_PROTOTYPES = YES;
				CLANG_WARN_SUSPICIOUS_MOVE = YES;
				CLANG_WARN_UNGUARDED_AVAILABILITY = YES_AGGRESSIVE;
				CLANG_WARN_UNREACHABLE_CODE = YES;
				CLANG_WARN__DUPLICATE_METHOD_MATCH = YES;
				COPY_PHASE_STRIP = NO;
				DEBUG_INFORMATION_FORMAT = dwarf;
				ENABLE_STRICT_OBJC_MSGSEND = YES;
				ENABLE_TESTABILITY = YES;
				GCC_C_LANGUAGE_STANDARD = gnu11;
				GCC_DYNAMIC_NO_PIC = NO;
				GCC_NO_COMMON_BLOCKS = YES;
				GCC_OPTIMIZATION_LEVEL = 0;
				GCC_PREPROCESSOR_DEFINITIONS = (
					"DEBUG=1",
					"$(inherited)",
				);
				GCC_WARN_64_TO_32_BIT_CONVERSION = YES;
				GCC_WARN_ABOUT_RETURN_TYPE = YES_ERROR;
				GCC_WARN_UNDECLARED_SELECTOR = YES;
				GCC_WARN_UNINITIALIZED_AUTOS = YES_AGGRESSIVE;
				GCC_WARN_UNUSED_FUNCTION = YES;
				GCC_WARN_UNUSED_VARIABLE = YES;
				IPHONEOS_DEPLOYMENT_TARGET = 16.4;
				MTL_ENABLE_DEBUG_INFO = INCLUDE_SOURCE;
				MTL_FAST_MATH = YES;
				ONLY_ACTIVE_ARCH = YES;
				SDKROOT = iphoneos;
				SWIFT_ACTIVE_COMPILATION_CONDITIONS = DEBUG;
				SWIFT_OPTIMIZATION_LEVEL = "-Onone";
			};
			name = Debug;
		};
		38814DD32AB9292F008D3884 /* Release */ = {
			isa = XCBuildConfiguration;
			buildSettings = {
				ALWAYS_SEARCH_USER_PATHS = NO;
				CLANG_ANALYZER_NONNULL = YES;
				CLANG_ANALYZER_NUMBER_OBJECT_CONVERSION = YES_AGGRESSIVE;
				CLANG_CXX_LANGUAGE_STANDARD = "gnu++20";
				CLANG_ENABLE_MODULES = YES;
				CLANG_ENABLE_OBJC_ARC = YES;
				CLANG_ENABLE_OBJC_WEAK = YES;
				CLANG_WARN_BLOCK_CAPTURE_AUTORELEASING = YES;
				CLANG_WARN_BOOL_CONVERSION = YES;
				CLANG_WARN_COMMA = YES;
				CLANG_WARN_CONSTANT_CONVERSION = YES;
				CLANG_WARN_DEPRECATED_OBJC_IMPLEMENTATIONS = YES;
				CLANG_WARN_DIRECT_OBJC_ISA_USAGE = YES_ERROR;
				CLANG_WARN_DOCUMENTATION_COMMENTS = YES;
				CLANG_WARN_EMPTY_BODY = YES;
				CLANG_WARN_ENUM_CONVERSION = YES;
				CLANG_WARN_INFINITE_RECURSION = YES;
				CLANG_WARN_INT_CONVERSION = YES;
				CLANG_WARN_NON_LITERAL_NULL_CONVERSION = YES;
				CLANG_WARN_OBJC_IMPLICIT_RETAIN_SELF = YES;
				CLANG_WARN_OBJC_LITERAL_CONVERSION = YES;
				CLANG_WARN_OBJC_ROOT_CLASS = YES_ERROR;
				CLANG_WARN_QUOTED_INCLUDE_IN_FRAMEWORK_HEADER = YES;
				CLANG_WARN_RANGE_LOOP_ANALYSIS = YES;
				CLANG_WARN_STRICT_PROTOTYPES = YES;
				CLANG_WARN_SUSPICIOUS_MOVE = YES;
				CLANG_WARN_UNGUARDED_AVAILABILITY = YES_AGGRESSIVE;
				CLANG_WARN_UNREACHABLE_CODE = YES;
				CLANG_WARN__DUPLICATE_METHOD_MATCH = YES;
				COPY_PHASE_STRIP = NO;
				DEBUG_INFORMATION_FORMAT = "dwarf-with-dsym";
				ENABLE_NS_ASSERTIONS = NO;
				ENABLE_STRICT_OBJC_MSGSEND = YES;
				GCC_C_LANGUAGE_STANDARD = gnu11;
				GCC_NO_COMMON_BLOCKS = YES;
				GCC_WARN_64_TO_32_BIT_CONVERSION = YES;
				GCC_WARN_ABOUT_RETURN_TYPE = YES_ERROR;
				GCC_WARN_UNDECLARED_SELECTOR = YES;
				GCC_WARN_UNINITIALIZED_AUTOS = YES_AGGRESSIVE;
				GCC_WARN_UNUSED_FUNCTION = YES;
				GCC_WARN_UNUSED_VARIABLE = YES;
				IPHONEOS_DEPLOYMENT_TARGET = 16.4;
				MTL_ENABLE_DEBUG_INFO = NO;
				MTL_FAST_MATH = YES;
				SDKROOT = iphoneos;
				SWIFT_COMPILATION_MODE = wholemodule;
				SWIFT_OPTIMIZATION_LEVEL = "-O";
				VALIDATE_PRODUCT = YES;
			};
			name = Release;
		};
		38814DD52AB9292F008D3884 /* Debug */ = {
			isa = XCBuildConfiguration;
			buildSettings = {
				ASSETCATALOG_COMPILER_APPICON_NAME = AppIcon;
				ASSETCATALOG_COMPILER_GLOBAL_ACCENT_COLOR_NAME = AccentColor;
				CODE_SIGN_STYLE = Automatic;
				CURRENT_PROJECT_VERSION = 1;
				DEVELOPMENT_TEAM = 3UNP2C529F;
				GENERATE_INFOPLIST_FILE = YES;
				INFOPLIST_FILE = SeSAC3Week10/Info.plist;
				INFOPLIST_KEY_UIApplicationSupportsIndirectInputEvents = YES;
				INFOPLIST_KEY_UILaunchStoryboardName = LaunchScreen;
				INFOPLIST_KEY_UIMainStoryboardFile = Main;
				INFOPLIST_KEY_UISupportedInterfaceOrientations = UIInterfaceOrientationPortrait;
				INFOPLIST_KEY_UISupportedInterfaceOrientations_iPad = "UIInterfaceOrientationLandscapeLeft UIInterfaceOrientationLandscapeRight UIInterfaceOrientationPortrait UIInterfaceOrientationPortraitUpsideDown";
				IPHONEOS_DEPLOYMENT_TARGET = 16.0;
				LD_RUNPATH_SEARCH_PATHS = (
					"$(inherited)",
					"@executable_path/Frameworks",
				);
				MARKETING_VERSION = 1.0;
				PRODUCT_BUNDLE_IDENTIFIER = com.andyarchive.SeSAC3Week10;
				PRODUCT_NAME = "$(TARGET_NAME)";
				SUPPORTED_PLATFORMS = "iphoneos iphonesimulator";
				SUPPORTS_MACCATALYST = NO;
				SUPPORTS_MAC_DESIGNED_FOR_IPHONE_IPAD = NO;
				SWIFT_EMIT_LOC_STRINGS = YES;
				SWIFT_VERSION = 5.0;
				TARGETED_DEVICE_FAMILY = 1;
			};
			name = Debug;
		};
		38814DD62AB9292F008D3884 /* Release */ = {
			isa = XCBuildConfiguration;
			buildSettings = {
				ASSETCATALOG_COMPILER_APPICON_NAME = AppIcon;
				ASSETCATALOG_COMPILER_GLOBAL_ACCENT_COLOR_NAME = AccentColor;
				CODE_SIGN_STYLE = Automatic;
				CURRENT_PROJECT_VERSION = 1;
				DEVELOPMENT_TEAM = 3UNP2C529F;
				GENERATE_INFOPLIST_FILE = YES;
				INFOPLIST_FILE = SeSAC3Week10/Info.plist;
				INFOPLIST_KEY_UIApplicationSupportsIndirectInputEvents = YES;
				INFOPLIST_KEY_UILaunchStoryboardName = LaunchScreen;
				INFOPLIST_KEY_UIMainStoryboardFile = Main;
				INFOPLIST_KEY_UISupportedInterfaceOrientations = UIInterfaceOrientationPortrait;
				INFOPLIST_KEY_UISupportedInterfaceOrientations_iPad = "UIInterfaceOrientationLandscapeLeft UIInterfaceOrientationLandscapeRight UIInterfaceOrientationPortrait UIInterfaceOrientationPortraitUpsideDown";
				IPHONEOS_DEPLOYMENT_TARGET = 16.0;
				LD_RUNPATH_SEARCH_PATHS = (
					"$(inherited)",
					"@executable_path/Frameworks",
				);
				MARKETING_VERSION = 1.0;
				PRODUCT_BUNDLE_IDENTIFIER = com.andyarchive.SeSAC3Week10;
				PRODUCT_NAME = "$(TARGET_NAME)";
				SUPPORTED_PLATFORMS = "iphoneos iphonesimulator";
				SUPPORTS_MACCATALYST = NO;
				SUPPORTS_MAC_DESIGNED_FOR_IPHONE_IPAD = NO;
				SWIFT_EMIT_LOC_STRINGS = YES;
				SWIFT_VERSION = 5.0;
				TARGETED_DEVICE_FAMILY = 1;
			};
			name = Release;
		};
/* End XCBuildConfiguration section */

/* Begin XCConfigurationList section */
		38814DBB2AB9292E008D3884 /* Build configuration list for PBXProject "SeSAC3Week10" */ = {
			isa = XCConfigurationList;
			buildConfigurations = (
				38814DD22AB9292F008D3884 /* Debug */,
				38814DD32AB9292F008D3884 /* Release */,
			);
			defaultConfigurationIsVisible = 0;
			defaultConfigurationName = Release;
		};
		38814DD42AB9292F008D3884 /* Build configuration list for PBXNativeTarget "SeSAC3Week10" */ = {
			isa = XCConfigurationList;
			buildConfigurations = (
				38814DD52AB9292F008D3884 /* Debug */,
				38814DD62AB9292F008D3884 /* Release */,
			);
			defaultConfigurationIsVisible = 0;
			defaultConfigurationName = Release;
		};
/* End XCConfigurationList section */

/* Begin XCRemoteSwiftPackageReference section */
		38814DDA2AB92975008D3884 /* XCRemoteSwiftPackageReference "SnapKit" */ = {
			isa = XCRemoteSwiftPackageReference;
			repositoryURL = "https://github.com/SnapKit/SnapKit.git";
			requirement = {
				kind = upToNextMajorVersion;
				minimumVersion = 5.0.0;
			};
		};
		38814DDD2AB92980008D3884 /* XCRemoteSwiftPackageReference "Alamofire" */ = {
			isa = XCRemoteSwiftPackageReference;
			repositoryURL = "https://github.com/Alamofire/Alamofire";
			requirement = {
				kind = upToNextMajorVersion;
				minimumVersion = 5.0.0;
			};
		};
		38814DE02AB929B1008D3884 /* XCRemoteSwiftPackageReference "Kingfisher" */ = {
			isa = XCRemoteSwiftPackageReference;
			repositoryURL = "https://github.com/onevcat/Kingfisher";
			requirement = {
				kind = upToNextMajorVersion;
				minimumVersion = 7.0.0;
			};
		};
/* End XCRemoteSwiftPackageReference section */

/* Begin XCSwiftPackageProductDependency section */
		38814DDB2AB92975008D3884 /* SnapKit */ = {
			isa = XCSwiftPackageProductDependency;
			package = 38814DDA2AB92975008D3884 /* XCRemoteSwiftPackageReference "SnapKit" */;
			productName = SnapKit;
		};
		38814DDE2AB92980008D3884 /* Alamofire */ = {
			isa = XCSwiftPackageProductDependency;
			package = 38814DDD2AB92980008D3884 /* XCRemoteSwiftPackageReference "Alamofire" */;
			productName = Alamofire;
		};
		38814DE12AB929B1008D3884 /* Kingfisher */ = {
			isa = XCSwiftPackageProductDependency;
			package = 38814DE02AB929B1008D3884 /* XCRemoteSwiftPackageReference "Kingfisher" */;
			productName = Kingfisher;
		};
/* End XCSwiftPackageProductDependency section */
	};
	rootObject = 38814DB82AB9292E008D3884 /* Project object */;
}
